
Microsoft Visual Studio Solution File, Format Version 12.00
# Visual Studio Version 17
VisualStudioVersion = 17.7.34202.233
MinimumVisualStudioVersion = 10.0.40219.1
Project("{9A19103F-16F7-4668-BE54-9A1E7A4F7556}") = "AzureFundametal_blobstorage", "AzureFundametal_blobstorage.csproj", "{2DD03EFE-8457-4D78-B6F6-EF5A3E5BBFA6}"
EndProject
Project("{2150E333-8FDC-42A3-9474-1A3956D46DE8}") = "Azure Blobs", "Azure Blobs", "{E980BA57-B654-4DDB-82B2-C2C1DA7180F4}"
EndProject
Project("{2150E333-8FDC-42A3-9474-1A3956D46DE8}") = "Azure Function", "Azure Function", "{71108828-D3DC-4543-9AC9-1FF245EC5010}"
EndProject
Project("{9A19103F-16F7-4668-BE54-9A1E7A4F7556}") = "Azure_function_web", "..\Azure_function\Azure_function_web.csproj", "{AB76CA79-8A12-4E3C-850D-5729B3FF8968}"
EndProject
Project("{9A19103F-16F7-4668-BE54-9A1E7A4F7556}") = "AzureIntelliFunc", "..\AzureIntelliWeb\AzureIntelliFunc.csproj", "{A797AA57-DA44-4622-9259-DA1FE7E56069}"
EndProject
Project("{2150E333-8FDC-42A3-9474-1A3956D46DE8}") = "AzureLogicApp", "AzureLogicApp", "{7EF2B364-9D96-486D-8BF4-2A9C4E56EB9F}"
EndProject
Project("{FAE04EC0-301F-11D3-BF4B-00C04F79EFBC}") = "AzureLogicApps", "..\AzureLogicApps\AzureLogicApps.csproj", "{3C3479DD-32CC-4D3C-9442-B82E9E2AEBD7}"
EndProject
Project("{2150E333-8FDC-42A3-9474-1A3956D46DE8}") = "AzureCacheForRedis", "AzureCacheForRedis", "{C339B96D-318F-4E18-9093-EC8CEA9C2B8D}"
EndProject
Project("{FAE04EC0-301F-11D3-BF4B-00C04F79EFBC}") = "RedisCache", "..\RedisCache\RedisCache.csproj", "{3DC5CC5D-AA18-415E-A076-D98174C9496F}"
EndProject
Global
	GlobalSection(SolutionConfigurationPlatforms) = preSolution
		Debug|Any CPU = Debug|Any CPU
		Release|Any CPU = Release|Any CPU
	EndGlobalSection
	GlobalSection(ProjectConfigurationPlatforms) = postSolution
		{2DD03EFE-8457-4D78-B6F6-EF5A3E5BBFA6}.Debug|Any CPU.ActiveCfg = Debug|Any CPU
		{2DD03EFE-8457-4D78-B6F6-EF5A3E5BBFA6}.Debug|Any CPU.Build.0 = Debug|Any CPU
		{2DD03EFE-8457-4D78-B6F6-EF5A3E5BBFA6}.Release|Any CPU.ActiveCfg = Release|Any CPU
		{2DD03EFE-8457-4D78-B6F6-EF5A3E5BBFA6}.Release|Any CPU.Build.0 = Release|Any CPU
		{AB76CA79-8A12-4E3C-850D-5729B3FF8968}.Debug|Any CPU.ActiveCfg = Debug|Any CPU
		{AB76CA79-8A12-4E3C-850D-5729B3FF8968}.Debug|Any CPU.Build.0 = Debug|Any CPU
		{AB76CA79-8A12-4E3C-850D-5729B3FF8968}.Release|Any CPU.ActiveCfg = Release|Any CPU
		{AB76CA79-8A12-4E3C-850D-5729B3FF8968}.Release|Any CPU.Build.0 = Release|Any CPU
		{A797AA57-DA44-4622-9259-DA1FE7E56069}.Debug|Any CPU.ActiveCfg = Debug|Any CPU
		{A797AA57-DA44-4622-9259-DA1FE7E56069}.Debug|Any CPU.Build.0 = Debug|Any CPU
		{A797AA57-DA44-4622-9259-DA1FE7E56069}.Release|Any CPU.ActiveCfg = Release|Any CPU
		{A797AA57-DA44-4622-9259-DA1FE7E56069}.Release|Any CPU.Build.0 = Release|Any CPU
		{3C3479DD-32CC-4D3C-9442-B82E9E2AEBD7}.Debug|Any CPU.ActiveCfg = Debug|Any CPU
		{3C3479DD-32CC-4D3C-9442-B82E9E2AEBD7}.Debug|Any CPU.Build.0 = Debug|Any CPU
		{3C3479DD-32CC-4D3C-9442-B82E9E2AEBD7}.Release|Any CPU.ActiveCfg = Release|Any CPU
		{3C3479DD-32CC-4D3C-9442-B82E9E2AEBD7}.Release|Any CPU.Build.0 = Release|Any CPU
		{3DC5CC5D-AA18-415E-A076-D98174C9496F}.Debug|Any CPU.ActiveCfg = Debug|Any CPU
		{3DC5CC5D-AA18-415E-A076-D98174C9496F}.Debug|Any CPU.Build.0 = Debug|Any CPU
		{3DC5CC5D-AA18-415E-A076-D98174C9496F}.Release|Any CPU.ActiveCfg = Release|Any CPU
		{3DC5CC5D-AA18-415E-A076-D98174C9496F}.Release|Any CPU.Build.0 = Release|Any CPU
	EndGlobalSection
	GlobalSection(SolutionProperties) = preSolution
		HideSolutionNode = FALSE
	EndGlobalSection
	GlobalSection(NestedProjects) = preSolution
		{2DD03EFE-8457-4D78-B6F6-EF5A3E5BBFA6} = {E980BA57-B654-4DDB-82B2-C2C1DA7180F4}
		{AB76CA79-8A12-4E3C-850D-5729B3FF8968} = {71108828-D3DC-4543-9AC9-1FF245EC5010}
		{A797AA57-DA44-4622-9259-DA1FE7E56069} = {71108828-D3DC-4543-9AC9-1FF245EC5010}
		{3C3479DD-32CC-4D3C-9442-B82E9E2AEBD7} = {7EF2B364-9D96-486D-8BF4-2A9C4E56EB9F}
		{3DC5CC5D-AA18-415E-A076-D98174C9496F} = {C339B96D-318F-4E18-9093-EC8CEA9C2B8D}
	EndGlobalSection
	GlobalSection(ExtensibilityGlobals) = postSolution
		SolutionGuid = {A33FA08E-EF78-4DC5-8882-CCDC1BF154A8}
	EndGlobalSection
EndGlobal
